
Microsoft Visual Studio Solution File, Format Version 12.00
# Visual Studio 15
VisualStudioVersion = 15.0.28010.2041
MinimumVisualStudioVersion = 10.0.40219.1
Project("{FAE04EC0-301F-11D3-BF4B-00C04F79EFBC}") = "TopTenWords", "TopTenWords\TopTenWords.csproj", "{356A6204-76D9-4F9F-821A-8106371F592D}"
EndProject
Project("{FAE04EC0-301F-11D3-BF4B-00C04F79EFBC}") = "TopTenWords.Tests", "TopTenWords.Tests\TopTenWords.Tests.csproj", "{2E28CAE3-02A9-440E-A98F-4B3BB7C781A1}"
EndProject
Global
	GlobalSection(SolutionConfigurationPlatforms) = preSolution
		Debug|Any CPU = Debug|Any CPU
		Release|Any CPU = Release|Any CPU
	EndGlobalSection
	GlobalSection(ProjectConfigurationPlatforms) = postSolution
		{356A6204-76D9-4F9F-821A-8106371F592D}.Debug|Any CPU.ActiveCfg = Debug|Any CPU
		{356A6204-76D9-4F9F-821A-8106371F592D}.Debug|Any CPU.Build.0 = Debug|Any CPU
		{356A6204-76D9-4F9F-821A-8106371F592D}.Release|Any CPU.ActiveCfg = Release|Any CPU
		{356A6204-76D9-4F9F-821A-8106371F592D}.Release|Any CPU.Build.0 = Release|Any CPU
		{2E28CAE3-02A9-440E-A98F-4B3BB7C781A1}.Debug|Any CPU.ActiveCfg = Debug|Any CPU
		{2E28CAE3-02A9-440E-A98F-4B3BB7C781A1}.Debug|Any CPU.Build.0 = Debug|Any CPU
		{2E28CAE3-02A9-440E-A98F-4B3BB7C781A1}.Release|Any CPU.ActiveCfg = Release|Any CPU
		{2E28CAE3-02A9-440E-A98F-4B3BB7C781A1}.Release|Any CPU.Build.0 = Release|Any CPU
	EndGlobalSection
	GlobalSection(SolutionProperties) = preSolution
		HideSolutionNode = FALSE
	EndGlobalSection
	GlobalSection(ExtensibilityGlobals) = postSolution
		SolutionGuid = {AA21650F-EE15-48C6-84AB-62B514294021}
	EndGlobalSection
EndGlobal
